
Microsoft Visual Studio Solution File, Format Version 12.00
# Visual Studio Version 16
VisualStudioVersion = 16.0.29306.81
MinimumVisualStudioVersion = 10.0.40219.1
Project("{FAE04EC0-301F-11D3-BF4B-00C04F79EFBC}") = "CustomRenderers.Android", "CustomRenderers.Android\CustomRenderers.Android.csproj", "{EC065AFD-615D-42FA-870A-86E317BA8CF1}"
EndProject
Project("{FAE04EC0-301F-11D3-BF4B-00C04F79EFBC}") = "CustomRenderers.iOS", "CustomRenderers.iOS\CustomRenderers.iOS.csproj", "{C9592C65-2F7F-4EF6-B086-5D51B73AC0FF}"
EndProject
Project("{FAE04EC0-301F-11D3-BF4B-00C04F79EFBC}") = "CustomRenderers", "CustomRenderers\CustomRenderers.csproj", "{36C8BA06-19C2-4E89-BFEF-48E6A247D6E4}"
EndProject
Global
	GlobalSection(SolutionConfigurationPlatforms) = preSolution
		Debug|Any CPU = Debug|Any CPU
		Debug|iPhone = Debug|iPhone
		Debug|iPhoneSimulator = Debug|iPhoneSimulator
		Release|Any CPU = Release|Any CPU
		Release|iPhone = Release|iPhone
		Release|iPhoneSimulator = Release|iPhoneSimulator
	EndGlobalSection
	GlobalSection(ProjectConfigurationPlatforms) = postSolution
		{EC065AFD-615D-42FA-870A-86E317BA8CF1}.Debug|Any CPU.ActiveCfg = Debug|Any CPU
		{EC065AFD-615D-42FA-870A-86E317BA8CF1}.Debug|Any CPU.Build.0 = Debug|Any CPU
		{EC065AFD-615D-42FA-870A-86E317BA8CF1}.Debug|Any CPU.Deploy.0 = Debug|Any CPU
		{EC065AFD-615D-42FA-870A-86E317BA8CF1}.Debug|iPhone.ActiveCfg = Debug|Any CPU
		{EC065AFD-615D-42FA-870A-86E317BA8CF1}.Debug|iPhone.Build.0 = Debug|Any CPU
		{EC065AFD-615D-42FA-870A-86E317BA8CF1}.Debug|iPhone.Deploy.0 = Debug|Any CPU
		{EC065AFD-615D-42FA-870A-86E317BA8CF1}.Debug|iPhoneSimulator.ActiveCfg = Debug|Any CPU
		{EC065AFD-615D-42FA-870A-86E317BA8CF1}.Debug|iPhoneSimulator.Build.0 = Debug|Any CPU
		{EC065AFD-615D-42FA-870A-86E317BA8CF1}.Debug|iPhoneSimulator.Deploy.0 = Debug|Any CPU
		{EC065AFD-615D-42FA-870A-86E317BA8CF1}.Release|Any CPU.ActiveCfg = Release|Any CPU
		{EC065AFD-615D-42FA-870A-86E317BA8CF1}.Release|Any CPU.Build.0 = Release|Any CPU
		{EC065AFD-615D-42FA-870A-86E317BA8CF1}.Release|Any CPU.Deploy.0 = Release|Any CPU
		{EC065AFD-615D-42FA-870A-86E317BA8CF1}.Release|iPhone.ActiveCfg = Release|Any CPU
		{EC065AFD-615D-42FA-870A-86E317BA8CF1}.Release|iPhone.Build.0 = Release|Any CPU
		{EC065AFD-615D-42FA-870A-86E317BA8CF1}.Release|iPhone.Deploy.0 = Release|Any CPU
		{EC065AFD-615D-42FA-870A-86E317BA8CF1}.Release|iPhoneSimulator.ActiveCfg = Release|Any CPU
		{EC065AFD-615D-42FA-870A-86E317BA8CF1}.Release|iPhoneSimulator.Build.0 = Release|Any CPU
		{EC065AFD-615D-42FA-870A-86E317BA8CF1}.Release|iPhoneSimulator.Deploy.0 = Release|Any CPU
		{C9592C65-2F7F-4EF6-B086-5D51B73AC0FF}.Debug|Any CPU.ActiveCfg = Debug|iPhoneSimulator
		{C9592C65-2F7F-4EF6-B086-5D51B73AC0FF}.Debug|Any CPU.Build.0 = Debug|iPhoneSimulator
		{C9592C65-2F7F-4EF6-B086-5D51B73AC0FF}.Debug|Any CPU.Deploy.0 = Debug|iPhoneSimulator
		{C9592C65-2F7F-4EF6-B086-5D51B73AC0FF}.Debug|iPhone.ActiveCfg = Debug|iPhone
		{C9592C65-2F7F-4EF6-B086-5D51B73AC0FF}.Debug|iPhone.Build.0 = Debug|iPhone
		{C9592C65-2F7F-4EF6-B086-5D51B73AC0FF}.Debug|iPhone.Deploy.0 = Debug|iPhone
		{C9592C65-2F7F-4EF6-B086-5D51B73AC0FF}.Debug|iPhoneSimulator.ActiveCfg = Debug|iPhoneSimulator
		{C9592C65-2F7F-4EF6-B086-5D51B73AC0FF}.Debug|iPhoneSimulator.Build.0 = Debug|iPhoneSimulator
		{C9592C65-2F7F-4EF6-B086-5D51B73AC0FF}.Debug|iPhoneSimulator.Deploy.0 = Debug|iPhoneSimulator
		{C9592C65-2F7F-4EF6-B086-5D51B73AC0FF}.Release|Any CPU.ActiveCfg = Release|iPhone
		{C9592C65-2F7F-4EF6-B086-5D51B73AC0FF}.Release|Any CPU.Build.0 = Release|iPhone
		{C9592C65-2F7F-4EF6-B086-5D51B73AC0FF}.Release|Any CPU.Deploy.0 = Release|iPhone
		{C9592C65-2F7F-4EF6-B086-5D51B73AC0FF}.Release|iPhone.ActiveCfg = Release|iPhone
		{C9592C65-2F7F-4EF6-B086-5D51B73AC0FF}.Release|iPhone.Build.0 = Release|iPhone
		{C9592C65-2F7F-4EF6-B086-5D51B73AC0FF}.Release|iPhone.Deploy.0 = Release|iPhone
		{C9592C65-2F7F-4EF6-B086-5D51B73AC0FF}.Release|iPhoneSimulator.ActiveCfg = Release|iPhoneSimulator
		{C9592C65-2F7F-4EF6-B086-5D51B73AC0FF}.Release|iPhoneSimulator.Build.0 = Release|iPhoneSimulator
		{C9592C65-2F7F-4EF6-B086-5D51B73AC0FF}.Release|iPhoneSimulator.Deploy.0 = Release|iPhoneSimulator
		{36C8BA06-19C2-4E89-BFEF-48E6A247D6E4}.Debug|Any CPU.ActiveCfg = Debug|Any CPU
		{36C8BA06-19C2-4E89-BFEF-48E6A247D6E4}.Debug|Any CPU.Build.0 = Debug|Any CPU
		{36C8BA06-19C2-4E89-BFEF-48E6A247D6E4}.Debug|Any CPU.Deploy.0 = Debug|Any CPU
		{36C8BA06-19C2-4E89-BFEF-48E6A247D6E4}.Debug|iPhone.ActiveCfg = Debug|Any CPU
		{36C8BA06-19C2-4E89-BFEF-48E6A247D6E4}.Debug|iPhone.Build.0 = Debug|Any CPU
		{36C8BA06-19C2-4E89-BFEF-48E6A247D6E4}.Debug|iPhone.Deploy.0 = Debug|Any CPU
		{36C8BA06-19C2-4E89-BFEF-48E6A247D6E4}.Debug|iPhoneSimulator.ActiveCfg = Debug|Any CPU
		{36C8BA06-19C2-4E89-BFEF-48E6A247D6E4}.Debug|iPhoneSimulator.Build.0 = Debug|Any CPU
		{36C8BA06-19C2-4E89-BFEF-48E6A247D6E4}.Debug|iPhoneSimulator.Deploy.0 = Debug|Any CPU
		{36C8BA06-19C2-4E89-BFEF-48E6A247D6E4}.Release|Any CPU.ActiveCfg = Release|Any CPU
		{36C8BA06-19C2-4E89-BFEF-48E6A247D6E4}.Release|Any CPU.Build.0 = Release|Any CPU
		{36C8BA06-19C2-4E89-BFEF-48E6A247D6E4}.Release|Any CPU.Deploy.0 = Release|Any CPU
		{36C8BA06-19C2-4E89-BFEF-48E6A247D6E4}.Release|iPhone.ActiveCfg = Release|Any CPU
		{36C8BA06-19C2-4E89-BFEF-48E6A247D6E4}.Release|iPhone.Build.0 = Release|Any CPU
		{36C8BA06-19C2-4E89-BFEF-48E6A247D6E4}.Release|iPhone.Deploy.0 = Release|Any CPU
		{36C8BA06-19C2-4E89-BFEF-48E6A247D6E4}.Release|iPhoneSimulator.ActiveCfg = Release|Any CPU
		{36C8BA06-19C2-4E89-BFEF-48E6A247D6E4}.Release|iPhoneSimulator.Build.0 = Release|Any CPU
		{36C8BA06-19C2-4E89-BFEF-48E6A247D6E4}.Release|iPhoneSimulator.Deploy.0 = Release|Any CPU
	EndGlobalSection
	GlobalSection(SolutionProperties) = preSolution
		HideSolutionNode = FALSE
	EndGlobalSection
	GlobalSection(ExtensibilityGlobals) = postSolution
		SolutionGuid = {EF03B968-4D6F-4229-B36B-2FFBE6BF3122}
	EndGlobalSection
EndGlobal
