
Microsoft Visual Studio Solution File, Format Version 12.00
# Visual Studio Version 16
VisualStudioVersion = 16.0.29306.81
MinimumVisualStudioVersion = 10.0.40219.1
Project("{FAE04EC0-301F-11D3-BF4B-00C04F79EFBC}") = "CustomEffect.Android", "CustomEffect.Android\CustomEffect.Android.csproj", "{5C033CBC-D8C0-4C2D-9179-782C426D1C84}"
EndProject
Project("{FAE04EC0-301F-11D3-BF4B-00C04F79EFBC}") = "CustomEffect.iOS", "CustomEffect.iOS\CustomEffect.iOS.csproj", "{AECCB717-1FE4-4629-920F-EB72A6FC0392}"
EndProject
Project("{FAE04EC0-301F-11D3-BF4B-00C04F79EFBC}") = "CustomEffect", "CustomEffect\CustomEffect.csproj", "{8DB2B22E-35BC-493B-8261-7176361C446D}"
EndProject
Global
	GlobalSection(SolutionConfigurationPlatforms) = preSolution
		Debug|Any CPU = Debug|Any CPU
		Debug|iPhone = Debug|iPhone
		Debug|iPhoneSimulator = Debug|iPhoneSimulator
		Release|Any CPU = Release|Any CPU
		Release|iPhone = Release|iPhone
		Release|iPhoneSimulator = Release|iPhoneSimulator
	EndGlobalSection
	GlobalSection(ProjectConfigurationPlatforms) = postSolution
		{5C033CBC-D8C0-4C2D-9179-782C426D1C84}.Debug|Any CPU.ActiveCfg = Debug|Any CPU
		{5C033CBC-D8C0-4C2D-9179-782C426D1C84}.Debug|Any CPU.Build.0 = Debug|Any CPU
		{5C033CBC-D8C0-4C2D-9179-782C426D1C84}.Debug|Any CPU.Deploy.0 = Debug|Any CPU
		{5C033CBC-D8C0-4C2D-9179-782C426D1C84}.Debug|iPhone.ActiveCfg = Debug|Any CPU
		{5C033CBC-D8C0-4C2D-9179-782C426D1C84}.Debug|iPhone.Build.0 = Debug|Any CPU
		{5C033CBC-D8C0-4C2D-9179-782C426D1C84}.Debug|iPhone.Deploy.0 = Debug|Any CPU
		{5C033CBC-D8C0-4C2D-9179-782C426D1C84}.Debug|iPhoneSimulator.ActiveCfg = Debug|Any CPU
		{5C033CBC-D8C0-4C2D-9179-782C426D1C84}.Debug|iPhoneSimulator.Build.0 = Debug|Any CPU
		{5C033CBC-D8C0-4C2D-9179-782C426D1C84}.Debug|iPhoneSimulator.Deploy.0 = Debug|Any CPU
		{5C033CBC-D8C0-4C2D-9179-782C426D1C84}.Release|Any CPU.ActiveCfg = Release|Any CPU
		{5C033CBC-D8C0-4C2D-9179-782C426D1C84}.Release|Any CPU.Build.0 = Release|Any CPU
		{5C033CBC-D8C0-4C2D-9179-782C426D1C84}.Release|Any CPU.Deploy.0 = Release|Any CPU
		{5C033CBC-D8C0-4C2D-9179-782C426D1C84}.Release|iPhone.ActiveCfg = Release|Any CPU
		{5C033CBC-D8C0-4C2D-9179-782C426D1C84}.Release|iPhone.Build.0 = Release|Any CPU
		{5C033CBC-D8C0-4C2D-9179-782C426D1C84}.Release|iPhone.Deploy.0 = Release|Any CPU
		{5C033CBC-D8C0-4C2D-9179-782C426D1C84}.Release|iPhoneSimulator.ActiveCfg = Release|Any CPU
		{5C033CBC-D8C0-4C2D-9179-782C426D1C84}.Release|iPhoneSimulator.Build.0 = Release|Any CPU
		{5C033CBC-D8C0-4C2D-9179-782C426D1C84}.Release|iPhoneSimulator.Deploy.0 = Release|Any CPU
		{AECCB717-1FE4-4629-920F-EB72A6FC0392}.Debug|Any CPU.ActiveCfg = Debug|iPhoneSimulator
		{AECCB717-1FE4-4629-920F-EB72A6FC0392}.Debug|Any CPU.Build.0 = Debug|iPhoneSimulator
		{AECCB717-1FE4-4629-920F-EB72A6FC0392}.Debug|Any CPU.Deploy.0 = Debug|iPhoneSimulator
		{AECCB717-1FE4-4629-920F-EB72A6FC0392}.Debug|iPhone.ActiveCfg = Debug|iPhone
		{AECCB717-1FE4-4629-920F-EB72A6FC0392}.Debug|iPhone.Build.0 = Debug|iPhone
		{AECCB717-1FE4-4629-920F-EB72A6FC0392}.Debug|iPhone.Deploy.0 = Debug|iPhone
		{AECCB717-1FE4-4629-920F-EB72A6FC0392}.Debug|iPhoneSimulator.ActiveCfg = Debug|iPhoneSimulator
		{AECCB717-1FE4-4629-920F-EB72A6FC0392}.Debug|iPhoneSimulator.Build.0 = Debug|iPhoneSimulator
		{AECCB717-1FE4-4629-920F-EB72A6FC0392}.Debug|iPhoneSimulator.Deploy.0 = Debug|iPhoneSimulator
		{AECCB717-1FE4-4629-920F-EB72A6FC0392}.Release|Any CPU.ActiveCfg = Release|iPhone
		{AECCB717-1FE4-4629-920F-EB72A6FC0392}.Release|Any CPU.Build.0 = Release|iPhone
		{AECCB717-1FE4-4629-920F-EB72A6FC0392}.Release|Any CPU.Deploy.0 = Release|iPhone
		{AECCB717-1FE4-4629-920F-EB72A6FC0392}.Release|iPhone.ActiveCfg = Release|iPhone
		{AECCB717-1FE4-4629-920F-EB72A6FC0392}.Release|iPhone.Build.0 = Release|iPhone
		{AECCB717-1FE4-4629-920F-EB72A6FC0392}.Release|iPhone.Deploy.0 = Release|iPhone
		{AECCB717-1FE4-4629-920F-EB72A6FC0392}.Release|iPhoneSimulator.ActiveCfg = Release|iPhoneSimulator
		{AECCB717-1FE4-4629-920F-EB72A6FC0392}.Release|iPhoneSimulator.Build.0 = Release|iPhoneSimulator
		{AECCB717-1FE4-4629-920F-EB72A6FC0392}.Release|iPhoneSimulator.Deploy.0 = Release|iPhoneSimulator
		{8DB2B22E-35BC-493B-8261-7176361C446D}.Debug|Any CPU.ActiveCfg = Debug|Any CPU
		{8DB2B22E-35BC-493B-8261-7176361C446D}.Debug|Any CPU.Build.0 = Debug|Any CPU
		{8DB2B22E-35BC-493B-8261-7176361C446D}.Debug|Any CPU.Deploy.0 = Debug|Any CPU
		{8DB2B22E-35BC-493B-8261-7176361C446D}.Debug|iPhone.ActiveCfg = Debug|Any CPU
		{8DB2B22E-35BC-493B-8261-7176361C446D}.Debug|iPhone.Build.0 = Debug|Any CPU
		{8DB2B22E-35BC-493B-8261-7176361C446D}.Debug|iPhone.Deploy.0 = Debug|Any CPU
		{8DB2B22E-35BC-493B-8261-7176361C446D}.Debug|iPhoneSimulator.ActiveCfg = Debug|Any CPU
		{8DB2B22E-35BC-493B-8261-7176361C446D}.Debug|iPhoneSimulator.Build.0 = Debug|Any CPU
		{8DB2B22E-35BC-493B-8261-7176361C446D}.Debug|iPhoneSimulator.Deploy.0 = Debug|Any CPU
		{8DB2B22E-35BC-493B-8261-7176361C446D}.Release|Any CPU.ActiveCfg = Release|Any CPU
		{8DB2B22E-35BC-493B-8261-7176361C446D}.Release|Any CPU.Build.0 = Release|Any CPU
		{8DB2B22E-35BC-493B-8261-7176361C446D}.Release|Any CPU.Deploy.0 = Release|Any CPU
		{8DB2B22E-35BC-493B-8261-7176361C446D}.Release|iPhone.ActiveCfg = Release|Any CPU
		{8DB2B22E-35BC-493B-8261-7176361C446D}.Release|iPhone.Build.0 = Release|Any CPU
		{8DB2B22E-35BC-493B-8261-7176361C446D}.Release|iPhone.Deploy.0 = Release|Any CPU
		{8DB2B22E-35BC-493B-8261-7176361C446D}.Release|iPhoneSimulator.ActiveCfg = Release|Any CPU
		{8DB2B22E-35BC-493B-8261-7176361C446D}.Release|iPhoneSimulator.Build.0 = Release|Any CPU
		{8DB2B22E-35BC-493B-8261-7176361C446D}.Release|iPhoneSimulator.Deploy.0 = Release|Any CPU
	EndGlobalSection
	GlobalSection(SolutionProperties) = preSolution
		HideSolutionNode = FALSE
	EndGlobalSection
	GlobalSection(ExtensibilityGlobals) = postSolution
		SolutionGuid = {70300E15-91AA-4CBE-93ED-5F1D46D706AA}
	EndGlobalSection
EndGlobal
