
Microsoft Visual Studio Solution File, Format Version 12.00
# Visual Studio Version 16
VisualStudioVersion = 16.0.29201.188
MinimumVisualStudioVersion = 10.0.40219.1
Project("{FAE04EC0-301F-11D3-BF4B-00C04F79EFBC}") = "extrapoints_1_1.Android", "extrapoints_1_1.Android\extrapoints_1_1.Android.csproj", "{808372C9-413F-4E59-875C-5BF78469004A}"
EndProject
Project("{FAE04EC0-301F-11D3-BF4B-00C04F79EFBC}") = "extrapoints_1_1.iOS", "extrapoints_1_1.iOS\extrapoints_1_1.iOS.csproj", "{7B935DBD-D401-48FF-A620-A17C03D46278}"
EndProject
Project("{FAE04EC0-301F-11D3-BF4B-00C04F79EFBC}") = "extrapoints_1_1", "extrapoints_1_1\extrapoints_1_1.csproj", "{0482A5EC-B357-4A55-BC39-E840D81F55E8}"
EndProject
Global
	GlobalSection(SolutionConfigurationPlatforms) = preSolution
		Debug|Any CPU = Debug|Any CPU
		Debug|iPhone = Debug|iPhone
		Debug|iPhoneSimulator = Debug|iPhoneSimulator
		Release|Any CPU = Release|Any CPU
		Release|iPhone = Release|iPhone
		Release|iPhoneSimulator = Release|iPhoneSimulator
	EndGlobalSection
	GlobalSection(ProjectConfigurationPlatforms) = postSolution
		{808372C9-413F-4E59-875C-5BF78469004A}.Debug|Any CPU.ActiveCfg = Debug|Any CPU
		{808372C9-413F-4E59-875C-5BF78469004A}.Debug|Any CPU.Build.0 = Debug|Any CPU
		{808372C9-413F-4E59-875C-5BF78469004A}.Debug|Any CPU.Deploy.0 = Debug|Any CPU
		{808372C9-413F-4E59-875C-5BF78469004A}.Debug|iPhone.ActiveCfg = Debug|Any CPU
		{808372C9-413F-4E59-875C-5BF78469004A}.Debug|iPhone.Build.0 = Debug|Any CPU
		{808372C9-413F-4E59-875C-5BF78469004A}.Debug|iPhone.Deploy.0 = Debug|Any CPU
		{808372C9-413F-4E59-875C-5BF78469004A}.Debug|iPhoneSimulator.ActiveCfg = Debug|Any CPU
		{808372C9-413F-4E59-875C-5BF78469004A}.Debug|iPhoneSimulator.Build.0 = Debug|Any CPU
		{808372C9-413F-4E59-875C-5BF78469004A}.Debug|iPhoneSimulator.Deploy.0 = Debug|Any CPU
		{808372C9-413F-4E59-875C-5BF78469004A}.Release|Any CPU.ActiveCfg = Release|Any CPU
		{808372C9-413F-4E59-875C-5BF78469004A}.Release|Any CPU.Build.0 = Release|Any CPU
		{808372C9-413F-4E59-875C-5BF78469004A}.Release|Any CPU.Deploy.0 = Release|Any CPU
		{808372C9-413F-4E59-875C-5BF78469004A}.Release|iPhone.ActiveCfg = Release|Any CPU
		{808372C9-413F-4E59-875C-5BF78469004A}.Release|iPhone.Build.0 = Release|Any CPU
		{808372C9-413F-4E59-875C-5BF78469004A}.Release|iPhone.Deploy.0 = Release|Any CPU
		{808372C9-413F-4E59-875C-5BF78469004A}.Release|iPhoneSimulator.ActiveCfg = Release|Any CPU
		{808372C9-413F-4E59-875C-5BF78469004A}.Release|iPhoneSimulator.Build.0 = Release|Any CPU
		{808372C9-413F-4E59-875C-5BF78469004A}.Release|iPhoneSimulator.Deploy.0 = Release|Any CPU
		{7B935DBD-D401-48FF-A620-A17C03D46278}.Debug|Any CPU.ActiveCfg = Debug|iPhoneSimulator
		{7B935DBD-D401-48FF-A620-A17C03D46278}.Debug|Any CPU.Build.0 = Debug|iPhoneSimulator
		{7B935DBD-D401-48FF-A620-A17C03D46278}.Debug|Any CPU.Deploy.0 = Debug|iPhoneSimulator
		{7B935DBD-D401-48FF-A620-A17C03D46278}.Debug|iPhone.ActiveCfg = Debug|iPhone
		{7B935DBD-D401-48FF-A620-A17C03D46278}.Debug|iPhone.Build.0 = Debug|iPhone
		{7B935DBD-D401-48FF-A620-A17C03D46278}.Debug|iPhone.Deploy.0 = Debug|iPhone
		{7B935DBD-D401-48FF-A620-A17C03D46278}.Debug|iPhoneSimulator.ActiveCfg = Debug|iPhoneSimulator
		{7B935DBD-D401-48FF-A620-A17C03D46278}.Debug|iPhoneSimulator.Build.0 = Debug|iPhoneSimulator
		{7B935DBD-D401-48FF-A620-A17C03D46278}.Debug|iPhoneSimulator.Deploy.0 = Debug|iPhoneSimulator
		{7B935DBD-D401-48FF-A620-A17C03D46278}.Release|Any CPU.ActiveCfg = Release|iPhone
		{7B935DBD-D401-48FF-A620-A17C03D46278}.Release|Any CPU.Build.0 = Release|iPhone
		{7B935DBD-D401-48FF-A620-A17C03D46278}.Release|Any CPU.Deploy.0 = Release|iPhone
		{7B935DBD-D401-48FF-A620-A17C03D46278}.Release|iPhone.ActiveCfg = Release|iPhone
		{7B935DBD-D401-48FF-A620-A17C03D46278}.Release|iPhone.Build.0 = Release|iPhone
		{7B935DBD-D401-48FF-A620-A17C03D46278}.Release|iPhone.Deploy.0 = Release|iPhone
		{7B935DBD-D401-48FF-A620-A17C03D46278}.Release|iPhoneSimulator.ActiveCfg = Release|iPhoneSimulator
		{7B935DBD-D401-48FF-A620-A17C03D46278}.Release|iPhoneSimulator.Build.0 = Release|iPhoneSimulator
		{7B935DBD-D401-48FF-A620-A17C03D46278}.Release|iPhoneSimulator.Deploy.0 = Release|iPhoneSimulator
		{0482A5EC-B357-4A55-BC39-E840D81F55E8}.Debug|Any CPU.ActiveCfg = Debug|Any CPU
		{0482A5EC-B357-4A55-BC39-E840D81F55E8}.Debug|Any CPU.Build.0 = Debug|Any CPU
		{0482A5EC-B357-4A55-BC39-E840D81F55E8}.Debug|Any CPU.Deploy.0 = Debug|Any CPU
		{0482A5EC-B357-4A55-BC39-E840D81F55E8}.Debug|iPhone.ActiveCfg = Debug|Any CPU
		{0482A5EC-B357-4A55-BC39-E840D81F55E8}.Debug|iPhone.Build.0 = Debug|Any CPU
		{0482A5EC-B357-4A55-BC39-E840D81F55E8}.Debug|iPhone.Deploy.0 = Debug|Any CPU
		{0482A5EC-B357-4A55-BC39-E840D81F55E8}.Debug|iPhoneSimulator.ActiveCfg = Debug|Any CPU
		{0482A5EC-B357-4A55-BC39-E840D81F55E8}.Debug|iPhoneSimulator.Build.0 = Debug|Any CPU
		{0482A5EC-B357-4A55-BC39-E840D81F55E8}.Debug|iPhoneSimulator.Deploy.0 = Debug|Any CPU
		{0482A5EC-B357-4A55-BC39-E840D81F55E8}.Release|Any CPU.ActiveCfg = Release|Any CPU
		{0482A5EC-B357-4A55-BC39-E840D81F55E8}.Release|Any CPU.Build.0 = Release|Any CPU
		{0482A5EC-B357-4A55-BC39-E840D81F55E8}.Release|Any CPU.Deploy.0 = Release|Any CPU
		{0482A5EC-B357-4A55-BC39-E840D81F55E8}.Release|iPhone.ActiveCfg = Release|Any CPU
		{0482A5EC-B357-4A55-BC39-E840D81F55E8}.Release|iPhone.Build.0 = Release|Any CPU
		{0482A5EC-B357-4A55-BC39-E840D81F55E8}.Release|iPhone.Deploy.0 = Release|Any CPU
		{0482A5EC-B357-4A55-BC39-E840D81F55E8}.Release|iPhoneSimulator.ActiveCfg = Release|Any CPU
		{0482A5EC-B357-4A55-BC39-E840D81F55E8}.Release|iPhoneSimulator.Build.0 = Release|Any CPU
		{0482A5EC-B357-4A55-BC39-E840D81F55E8}.Release|iPhoneSimulator.Deploy.0 = Release|Any CPU
	EndGlobalSection
	GlobalSection(SolutionProperties) = preSolution
		HideSolutionNode = FALSE
	EndGlobalSection
	GlobalSection(ExtensibilityGlobals) = postSolution
		SolutionGuid = {CB1D6290-FD98-46FD-B1AC-751FD673CB92}
	EndGlobalSection
EndGlobal
