
Microsoft Visual Studio Solution File, Format Version 12.00
# Visual Studio Version 16
VisualStudioVersion = 16.0.29306.81
MinimumVisualStudioVersion = 10.0.40219.1
Project("{FAE04EC0-301F-11D3-BF4B-00C04F79EFBC}") = "tipsAndTricks.Android", "tipsAndTricks.Android\tipsAndTricks.Android.csproj", "{027A46D9-0AF6-45AE-AE68-3036358253E8}"
EndProject
Project("{FAE04EC0-301F-11D3-BF4B-00C04F79EFBC}") = "tipsAndTricks.iOS", "tipsAndTricks.iOS\tipsAndTricks.iOS.csproj", "{39B3975D-A19F-4FB9-BB1F-688D5F8825B1}"
EndProject
Project("{FAE04EC0-301F-11D3-BF4B-00C04F79EFBC}") = "tipsAndTricks", "tipsAndTricks\tipsAndTricks.csproj", "{51C7C697-C13F-4D43-A0C8-D223FC8A1658}"
EndProject
Global
	GlobalSection(SolutionConfigurationPlatforms) = preSolution
		Debug|Any CPU = Debug|Any CPU
		Debug|iPhone = Debug|iPhone
		Debug|iPhoneSimulator = Debug|iPhoneSimulator
		Release|Any CPU = Release|Any CPU
		Release|iPhone = Release|iPhone
		Release|iPhoneSimulator = Release|iPhoneSimulator
	EndGlobalSection
	GlobalSection(ProjectConfigurationPlatforms) = postSolution
		{027A46D9-0AF6-45AE-AE68-3036358253E8}.Debug|Any CPU.ActiveCfg = Debug|Any CPU
		{027A46D9-0AF6-45AE-AE68-3036358253E8}.Debug|Any CPU.Build.0 = Debug|Any CPU
		{027A46D9-0AF6-45AE-AE68-3036358253E8}.Debug|Any CPU.Deploy.0 = Debug|Any CPU
		{027A46D9-0AF6-45AE-AE68-3036358253E8}.Debug|iPhone.ActiveCfg = Debug|Any CPU
		{027A46D9-0AF6-45AE-AE68-3036358253E8}.Debug|iPhone.Build.0 = Debug|Any CPU
		{027A46D9-0AF6-45AE-AE68-3036358253E8}.Debug|iPhone.Deploy.0 = Debug|Any CPU
		{027A46D9-0AF6-45AE-AE68-3036358253E8}.Debug|iPhoneSimulator.ActiveCfg = Debug|Any CPU
		{027A46D9-0AF6-45AE-AE68-3036358253E8}.Debug|iPhoneSimulator.Build.0 = Debug|Any CPU
		{027A46D9-0AF6-45AE-AE68-3036358253E8}.Debug|iPhoneSimulator.Deploy.0 = Debug|Any CPU
		{027A46D9-0AF6-45AE-AE68-3036358253E8}.Release|Any CPU.ActiveCfg = Release|Any CPU
		{027A46D9-0AF6-45AE-AE68-3036358253E8}.Release|Any CPU.Build.0 = Release|Any CPU
		{027A46D9-0AF6-45AE-AE68-3036358253E8}.Release|Any CPU.Deploy.0 = Release|Any CPU
		{027A46D9-0AF6-45AE-AE68-3036358253E8}.Release|iPhone.ActiveCfg = Release|Any CPU
		{027A46D9-0AF6-45AE-AE68-3036358253E8}.Release|iPhone.Build.0 = Release|Any CPU
		{027A46D9-0AF6-45AE-AE68-3036358253E8}.Release|iPhone.Deploy.0 = Release|Any CPU
		{027A46D9-0AF6-45AE-AE68-3036358253E8}.Release|iPhoneSimulator.ActiveCfg = Release|Any CPU
		{027A46D9-0AF6-45AE-AE68-3036358253E8}.Release|iPhoneSimulator.Build.0 = Release|Any CPU
		{027A46D9-0AF6-45AE-AE68-3036358253E8}.Release|iPhoneSimulator.Deploy.0 = Release|Any CPU
		{39B3975D-A19F-4FB9-BB1F-688D5F8825B1}.Debug|Any CPU.ActiveCfg = Debug|iPhoneSimulator
		{39B3975D-A19F-4FB9-BB1F-688D5F8825B1}.Debug|Any CPU.Build.0 = Debug|iPhoneSimulator
		{39B3975D-A19F-4FB9-BB1F-688D5F8825B1}.Debug|Any CPU.Deploy.0 = Debug|iPhoneSimulator
		{39B3975D-A19F-4FB9-BB1F-688D5F8825B1}.Debug|iPhone.ActiveCfg = Debug|iPhone
		{39B3975D-A19F-4FB9-BB1F-688D5F8825B1}.Debug|iPhone.Build.0 = Debug|iPhone
		{39B3975D-A19F-4FB9-BB1F-688D5F8825B1}.Debug|iPhone.Deploy.0 = Debug|iPhone
		{39B3975D-A19F-4FB9-BB1F-688D5F8825B1}.Debug|iPhoneSimulator.ActiveCfg = Debug|iPhoneSimulator
		{39B3975D-A19F-4FB9-BB1F-688D5F8825B1}.Debug|iPhoneSimulator.Build.0 = Debug|iPhoneSimulator
		{39B3975D-A19F-4FB9-BB1F-688D5F8825B1}.Debug|iPhoneSimulator.Deploy.0 = Debug|iPhoneSimulator
		{39B3975D-A19F-4FB9-BB1F-688D5F8825B1}.Release|Any CPU.ActiveCfg = Release|iPhone
		{39B3975D-A19F-4FB9-BB1F-688D5F8825B1}.Release|Any CPU.Build.0 = Release|iPhone
		{39B3975D-A19F-4FB9-BB1F-688D5F8825B1}.Release|Any CPU.Deploy.0 = Release|iPhone
		{39B3975D-A19F-4FB9-BB1F-688D5F8825B1}.Release|iPhone.ActiveCfg = Release|iPhone
		{39B3975D-A19F-4FB9-BB1F-688D5F8825B1}.Release|iPhone.Build.0 = Release|iPhone
		{39B3975D-A19F-4FB9-BB1F-688D5F8825B1}.Release|iPhone.Deploy.0 = Release|iPhone
		{39B3975D-A19F-4FB9-BB1F-688D5F8825B1}.Release|iPhoneSimulator.ActiveCfg = Release|iPhoneSimulator
		{39B3975D-A19F-4FB9-BB1F-688D5F8825B1}.Release|iPhoneSimulator.Build.0 = Release|iPhoneSimulator
		{39B3975D-A19F-4FB9-BB1F-688D5F8825B1}.Release|iPhoneSimulator.Deploy.0 = Release|iPhoneSimulator
		{51C7C697-C13F-4D43-A0C8-D223FC8A1658}.Debug|Any CPU.ActiveCfg = Debug|Any CPU
		{51C7C697-C13F-4D43-A0C8-D223FC8A1658}.Debug|Any CPU.Build.0 = Debug|Any CPU
		{51C7C697-C13F-4D43-A0C8-D223FC8A1658}.Debug|Any CPU.Deploy.0 = Debug|Any CPU
		{51C7C697-C13F-4D43-A0C8-D223FC8A1658}.Debug|iPhone.ActiveCfg = Debug|Any CPU
		{51C7C697-C13F-4D43-A0C8-D223FC8A1658}.Debug|iPhone.Build.0 = Debug|Any CPU
		{51C7C697-C13F-4D43-A0C8-D223FC8A1658}.Debug|iPhone.Deploy.0 = Debug|Any CPU
		{51C7C697-C13F-4D43-A0C8-D223FC8A1658}.Debug|iPhoneSimulator.ActiveCfg = Debug|Any CPU
		{51C7C697-C13F-4D43-A0C8-D223FC8A1658}.Debug|iPhoneSimulator.Build.0 = Debug|Any CPU
		{51C7C697-C13F-4D43-A0C8-D223FC8A1658}.Debug|iPhoneSimulator.Deploy.0 = Debug|Any CPU
		{51C7C697-C13F-4D43-A0C8-D223FC8A1658}.Release|Any CPU.ActiveCfg = Release|Any CPU
		{51C7C697-C13F-4D43-A0C8-D223FC8A1658}.Release|Any CPU.Build.0 = Release|Any CPU
		{51C7C697-C13F-4D43-A0C8-D223FC8A1658}.Release|Any CPU.Deploy.0 = Release|Any CPU
		{51C7C697-C13F-4D43-A0C8-D223FC8A1658}.Release|iPhone.ActiveCfg = Release|Any CPU
		{51C7C697-C13F-4D43-A0C8-D223FC8A1658}.Release|iPhone.Build.0 = Release|Any CPU
		{51C7C697-C13F-4D43-A0C8-D223FC8A1658}.Release|iPhone.Deploy.0 = Release|Any CPU
		{51C7C697-C13F-4D43-A0C8-D223FC8A1658}.Release|iPhoneSimulator.ActiveCfg = Release|Any CPU
		{51C7C697-C13F-4D43-A0C8-D223FC8A1658}.Release|iPhoneSimulator.Build.0 = Release|Any CPU
		{51C7C697-C13F-4D43-A0C8-D223FC8A1658}.Release|iPhoneSimulator.Deploy.0 = Release|Any CPU
	EndGlobalSection
	GlobalSection(SolutionProperties) = preSolution
		HideSolutionNode = FALSE
	EndGlobalSection
	GlobalSection(ExtensibilityGlobals) = postSolution
		SolutionGuid = {36E90734-5ACC-4749-AEF6-3C05681BDC1A}
	EndGlobalSection
EndGlobal
